# This file is automatically @generated by Cargo.
# It is not intended for manual editing.
version = 3

[[package]]
name = "bogon"
version = "0.1.0"
dependencies = [
 "ipnetwork",
]

[[package]]
name = "ipnetwork"
version = "0.20.0"
source = "git+https://github.com/achanda/ipnetwork?rev=a1966d40898faba1136a2e75d85a8602a5a7e7f3#a1966d40898faba1136a2e75d85a8602a5a7e7f3"
